
Microsoft Visual Studio Solution File, Format Version 12.00
# Visual Studio Version 17
VisualStudioVersion = 17.8.34330.188
MinimumVisualStudioVersion = 10.0.40219.1
Project("{FAE04EC0-301F-11D3-BF4B-00C04F79EFBC}") = "BootStrapsss", "BootStrapsss\BootStrapsss.csproj", "{3812A882-E384-4CA4-9941-A071D95DFB76}"
EndProject
Global
	GlobalSection(SolutionConfigurationPlatforms) = preSolution
		Debug|Any CPU = Debug|Any CPU
		Release|Any CPU = Release|Any CPU
	EndGlobalSection
	GlobalSection(ProjectConfigurationPlatforms) = postSolution
		{3812A882-E384-4CA4-9941-A071D95DFB76}.Debug|Any CPU.ActiveCfg = Debug|Any CPU
		{3812A882-E384-4CA4-9941-A071D95DFB76}.Debug|Any CPU.Build.0 = Debug|Any CPU
		{3812A882-E384-4CA4-9941-A071D95DFB76}.Release|Any CPU.ActiveCfg = Release|Any CPU
		{3812A882-E384-4CA4-9941-A071D95DFB76}.Release|Any CPU.Build.0 = Release|Any CPU
	EndGlobalSection
	GlobalSection(SolutionProperties) = preSolution
		HideSolutionNode = FALSE
	EndGlobalSection
	GlobalSection(ExtensibilityGlobals) = postSolution
		SolutionGuid = {DF6EEBD5-4F05-4218-A203-A55D29756EDC}
	EndGlobalSection
EndGlobal
